// !$*UTF8*$!
{
	archiveVersion = 1;
	classes = {
	};
	objectVersion = 77;
	objects = {

/* Begin PBXBuildFile section */
		0320CF71182834259CC12678 /* MarkdownRenderService.swift in Sources */ = {isa = PBXBuildFile; fileRef = 71B537C2617DACC85FE470C8 /* MarkdownRenderService.swift */; };
		040BC1181A838A65E74C7330 /* AppCommands.swift in Sources */ = {isa = PBXBuildFile; fileRef = E1D2B70D816C835FB78C42F5 /* AppCommands.swift */; };
		0AA61F12EC333594B9E5F3E3 /* EditorView.swift in Sources */ = {isa = PBXBuildFile; fileRef = C472D5B2B72966E6A0343D8B /* EditorView.swift */; };
		114CDC0C9DB3C8146CEEBFF4 /* KaTeX_Fraktur-Bold.woff2 in Resources */ = {isa = PBXBuildFile; fileRef = 3A411A4CABEA7C2613AE360C /* KaTeX_Fraktur-Bold.woff2 */; };
		11DD270A1C412786716E98A5 /* FilePersistenceService.swift in Sources */ = {isa = PBXBuildFile; fileRef = 2D846820631A2B75FDCAE6C2 /* FilePersistenceService.swift */; };
		155B4B8E48B624EAAD4717AE /* ViewMode.swift in Sources */ = {isa = PBXBuildFile; fileRef = EDC334FA85F00DB54104049E /* ViewMode.swift */; };
		162B3EF1A2E7F788CE938441 /* SidebarView.swift in Sources */ = {isa = PBXBuildFile; fileRef = 67858FF63E50102B7451AD6F /* SidebarView.swift */; };
		17D5C4F1BDE2928A573202B2 /* CommandStore.swift in Sources */ = {isa = PBXBuildFile; fileRef = 7635915AB026B2E0E2A3F797 /* CommandStore.swift */; };
		1C9BABA05F8F7D8F004EDDF8 /* FileTreeServiceTests.swift in Sources */ = {isa = PBXBuildFile; fileRef = A85BF28F5A4D07905596E0A3 /* FileTreeServiceTests.swift */; };
		27068F4051A4BD31F8920C3A /* MarkdownHTMLRenderer.swift in Sources */ = {isa = PBXBuildFile; fileRef = 68EFFC1FF157A3EC29D54DBA /* MarkdownHTMLRenderer.swift */; };
		2D6AA3E1FD6E8574E593291B /* AssetSchemeHandler.swift in Sources */ = {isa = PBXBuildFile; fileRef = 6F0BE16E30CA2F68C0EC9417 /* AssetSchemeHandler.swift */; };
		31EF6BD50A598A5751E2FC4B /* OutlineView.swift in Sources */ = {isa = PBXBuildFile; fileRef = 77636B48962671B62635F4D5 /* OutlineView.swift */; };
		3209BEE25DAF9352B290D433 /* KaTeX_SansSerif-Italic.woff2 in Resources */ = {isa = PBXBuildFile; fileRef = 1D734E777366DE8122FF1106 /* KaTeX_SansSerif-Italic.woff2 */; };
		37655FE0FF572EF6057C050A /* MarkdownHTMLRendererTests.swift in Sources */ = {isa = PBXBuildFile; fileRef = 8DDADA252A158236AF53157B /* MarkdownHTMLRendererTests.swift */; };
		380C3703E5BD652D75BFB1C0 /* MarkdownExporter.swift in Sources */ = {isa = PBXBuildFile; fileRef = 324A674D7C4F63CD5677015D /* MarkdownExporter.swift */; };
		406FB1C54A686ECFD5C46DDF /* katex.min.css in Resources */ = {isa = PBXBuildFile; fileRef = A469BE91592CA0F31B051A1F /* katex.min.css */; };
		4518C0D41667F7D444DB79E4 /* KaTeX_Size2-Regular.woff2 in Resources */ = {isa = PBXBuildFile; fileRef = EDB13AE8F7B0513AD206EA4F /* KaTeX_Size2-Regular.woff2 */; };
		463A9E4853783D2D6991DF6E /* WorkspaceSwitcherView.swift in Sources */ = {isa = PBXBuildFile; fileRef = 4F225EFDC1119771C780D4CB /* WorkspaceSwitcherView.swift */; };
		4DBEFF66A722406E8C4C7859 /* Workspace.swift in Sources */ = {isa = PBXBuildFile; fileRef = 168D37C158AEF1BAB47717E7 /* Workspace.swift */; };
		4DD42746E257CEC1064D5872 /* DocumentStatistics.swift in Sources */ = {isa = PBXBuildFile; fileRef = 8575372736C6284C6DCD26C3 /* DocumentStatistics.swift */; };
		50A244437846B6392B8F488C /* KaTeX_Size4-Regular.woff2 in Resources */ = {isa = PBXBuildFile; fileRef = 3C606541A2DB3F99A443AF89 /* KaTeX_Size4-Regular.woff2 */; };
		50A702C828470CF4E8EA0A36 /* MarkdownSyntaxHighlighter.swift in Sources */ = {isa = PBXBuildFile; fileRef = 9FAE300328D09590456151F8 /* MarkdownSyntaxHighlighter.swift */; };
		50C939EBF9DF861FEBBB2BC6 /* katex.min.js in Resources */ = {isa = PBXBuildFile; fileRef = 9B8F262C21D56C0C04915275 /* katex.min.js */; };
		5A16851BFEE00470439D30E7 /* Assets.xcassets in Resources */ = {isa = PBXBuildFile; fileRef = 7E79794F48E678F04630311A /* Assets.xcassets */; };
		5CC824CFA5B14A7A43F1FB8C /* KaTeX_Size3-Regular.woff2 in Resources */ = {isa = PBXBuildFile; fileRef = 7A86197A365BE748D35D6DBE /* KaTeX_Size3-Regular.woff2 */; };
		5EC581F205A9CC73E8B5CE1A /* DocumentStatisticsTests.swift in Sources */ = {isa = PBXBuildFile; fileRef = EDB7AADBF5223AE29CD871EF /* DocumentStatisticsTests.swift */; };
		5FC146A64A1869CFD0E840D3 /* WorkspaceStore.swift in Sources */ = {isa = PBXBuildFile; fileRef = 8C4237CCF9896FAF189B6474 /* WorkspaceStore.swift */; };
		65ECB6D61B19BFE12843D0C1 /* MarkdownSyntaxHighlighterTests.swift in Sources */ = {isa = PBXBuildFile; fileRef = 5B7CB20F34B385B7863B111E /* MarkdownSyntaxHighlighterTests.swift */; };
		679D69C745BAA88E331EA805 /* glassmark-iconset.icon in Resources */ = {isa = PBXBuildFile; fileRef = 55AB95D7E289ADD620F995DD /* glassmark-iconset.icon */; };
		683F879782B5CFACAA904D26 /* PreviewView.swift in Sources */ = {isa = PBXBuildFile; fileRef = 5075C486E588D899B4EBCDB5 /* PreviewView.swift */; };
		6A57B4F1E1819AE891D6B768 /* ContentView.swift in Sources */ = {isa = PBXBuildFile; fileRef = 84DDFAD0FBF3A416CA3E96A2 /* ContentView.swift */; };
		704C0917F616B1EE4DA3C06C /* KaTeX_Typewriter-Regular.woff2 in Resources */ = {isa = PBXBuildFile; fileRef = 64A0CCD3610A29544C5812FF /* KaTeX_Typewriter-Regular.woff2 */; };
		70CD7AF99840E813719D01C3 /* WorkspaceFile.swift in Sources */ = {isa = PBXBuildFile; fileRef = A4B688961A8CD4F4BEFE2963 /* WorkspaceFile.swift */; };
		711C137F0AE80CE08CB3290F /* QuickOpenView.swift in Sources */ = {isa = PBXBuildFile; fileRef = CA8DF8B79514D2C48E56D21F /* QuickOpenView.swift */; };
		71766D2E4C8B2CD564A99D96 /* DocumentStoreTests.swift in Sources */ = {isa = PBXBuildFile; fileRef = 2C49FDAC6992E35BE5E8B6A0 /* DocumentStoreTests.swift */; };
		71EB35374A934AB3B90B5E33 /* KaTeX_AMS-Regular.woff2 in Resources */ = {isa = PBXBuildFile; fileRef = 7DDF44B3984FC97F4467461D /* KaTeX_AMS-Regular.woff2 */; };
		741488FD0DDE48547C51FD40 /* KaTeX_Main-Regular.woff2 in Resources */ = {isa = PBXBuildFile; fileRef = 1CE4482A3BADFD358A16D770 /* KaTeX_Main-Regular.woff2 */; };
		7AF84FD07DB0E58BBD2E6624 /* DocumentStore.swift in Sources */ = {isa = PBXBuildFile; fileRef = 79A5FEB48D2E9855A34285EC /* DocumentStore.swift */; };
		7C70B556690BDFB565462F55 /* EditorCommand.swift in Sources */ = {isa = PBXBuildFile; fileRef = E753BDC430A2ED9D34236A37 /* EditorCommand.swift */; };
		7CDA455E9BA70D1E4E2883B9 /* KaTeX_Script-Regular.woff2 in Resources */ = {isa = PBXBuildFile; fileRef = 6C5D2190526E09547BF861F8 /* KaTeX_Script-Regular.woff2 */; };
		834B67626485EB6516619384 /* MarkdownOutlineTests.swift in Sources */ = {isa = PBXBuildFile; fileRef = DD23393D87FE27250F8C6E59 /* MarkdownOutlineTests.swift */; };
		8386E2F8AB10A86471BC9E0C /* KaTeX_Math-BoldItalic.woff2 in Resources */ = {isa = PBXBuildFile; fileRef = 579A963ABA6FC838ED69E19E /* KaTeX_Math-BoldItalic.woff2 */; };
		8428C790AE356C8462224110 /* MarkdownRenderServiceTests.swift in Sources */ = {isa = PBXBuildFile; fileRef = C5E31AB52A7EB98275D36E7F /* MarkdownRenderServiceTests.swift */; };
		9124CD1C34000B3E047DE834 /* github-dark.min.css in Resources */ = {isa = PBXBuildFile; fileRef = 0DABB6134CC3307F7C1E73BD /* github-dark.min.css */; };
		95A488B9DBCE77A1CB86C0E6 /* github.min.css in Resources */ = {isa = PBXBuildFile; fileRef = 92EBB48BE7A5E9D765A3FA91 /* github.min.css */; };
		9961EBFBDD48884C89924F30 /* mermaid.min.js in Resources */ = {isa = PBXBuildFile; fileRef = 5530453C4C88258760ADB5A9 /* mermaid.min.js */; };
		9B58EAD24B04AFC8D64E23D9 /* KaTeX_Caligraphic-Bold.woff2 in Resources */ = {isa = PBXBuildFile; fileRef = D726E40D0DA5539BC4A02D1B /* KaTeX_Caligraphic-Bold.woff2 */; };
		A2289AAADB6038B1EEF0A203 /* FileType.swift in Sources */ = {isa = PBXBuildFile; fileRef = DC576610FA924DC5EF4D8A11 /* FileType.swift */; };
		A26F3BAE8DC4FCEC7C0A05FE /* highlight.min.js in Resources */ = {isa = PBXBuildFile; fileRef = 84A199256CB800109FD98495 /* highlight.min.js */; };
		A42CE14D78167C26ADAB5A66 /* FilePersistenceServiceTests.swift in Sources */ = {isa = PBXBuildFile; fileRef = 41F94C8A2E6D2F16F31B308C /* FilePersistenceServiceTests.swift */; };
		AF4C7D13AA6AD8BB53AABCD2 /* KaTeX_Main-Bold.woff2 in Resources */ = {isa = PBXBuildFile; fileRef = 211FC6B99395179C482156D2 /* KaTeX_Main-Bold.woff2 */; };
		AFD2A34B310BF374E978A474 /* FileTreeService.swift in Sources */ = {isa = PBXBuildFile; fileRef = 7CFE4036DF3562FA4A43F7FE /* FileTreeService.swift */; };
		B1FB07C32FDEEEBF3D88C051 /* PreferencesStore.swift in Sources */ = {isa = PBXBuildFile; fileRef = 989E01843356B195100F761A /* PreferencesStore.swift */; };
		B458180FA9207271DAE366EB /* KaTeX_Main-BoldItalic.woff2 in Resources */ = {isa = PBXBuildFile; fileRef = 7CC3A5E2B3BDF79845D922DE /* KaTeX_Main-BoldItalic.woff2 */; };
		BC8324EFA511DEEA53F9263B /* KaTeX_Math-Italic.woff2 in Resources */ = {isa = PBXBuildFile; fileRef = 2F097E8B22552F26FEAA539F /* KaTeX_Math-Italic.woff2 */; };
		C088AA5235B41BCBD92F3B23 /* KaTeX_Caligraphic-Regular.woff2 in Resources */ = {isa = PBXBuildFile; fileRef = EC7E9042F609796AC6E41E26 /* KaTeX_Caligraphic-Regular.woff2 */; };
		CC1ABAC4AAC3495CB0213321 /* KaTeX_Main-Italic.woff2 in Resources */ = {isa = PBXBuildFile; fileRef = 3D42AA4658591B4EBCE35A80 /* KaTeX_Main-Italic.woff2 */; };
		D1484A0B6350E0E2B888CB6E /* auto-render.min.js in Resources */ = {isa = PBXBuildFile; fileRef = 0B044069DB06B14F36CA3A5A /* auto-render.min.js */; };
		D39E41506A50F08FC570BEBF /* GlassMarkApp.swift in Sources */ = {isa = PBXBuildFile; fileRef = 5FE830B916B2ADC183CC6CAF /* GlassMarkApp.swift */; };
		D4D5BD9AA8BA54C810AF3CCA /* EditorDocument.swift in Sources */ = {isa = PBXBuildFile; fileRef = 6713C149EAC4FC94049ECE2B /* EditorDocument.swift */; };
		D5886135E36EA6B74DA28E2F /* MarkdownOutline.swift in Sources */ = {isa = PBXBuildFile; fileRef = 92BF41D55CECD0F217B1A6A0 /* MarkdownOutline.swift */; };
		D6CF63F7DBD3CBB3F4DF670A /* KaTeX_Fraktur-Regular.woff2 in Resources */ = {isa = PBXBuildFile; fileRef = EA1C79616F0CF1077F9C1DF0 /* KaTeX_Fraktur-Regular.woff2 */; };
		D94B1555B6C3CD0909482807 /* SettingsView.swift in Sources */ = {isa = PBXBuildFile; fileRef = BC59FF90F0359F50C324880D /* SettingsView.swift */; };
		E0D81E85CB34F28C1A7CB9E9 /* KaTeX_SansSerif-Regular.woff2 in Resources */ = {isa = PBXBuildFile; fileRef = 1BD77B63C994944A5498BB73 /* KaTeX_SansSerif-Regular.woff2 */; };
		E1D6D21A7998AA55C2C6631E /* FileTreeView.swift in Sources */ = {isa = PBXBuildFile; fileRef = 8FC111A83FD65DE15B9F82C3 /* FileTreeView.swift */; };
		EA47402FFADBB596C5CE8954 /* WorkspaceFileTests.swift in Sources */ = {isa = PBXBuildFile; fileRef = 0E1896982C23ACDB5BF92C19 /* WorkspaceFileTests.swift */; };
		EB8BD27BC84A048EC7747711 /* KaTeX_Size1-Regular.woff2 in Resources */ = {isa = PBXBuildFile; fileRef = 382187CF624ADE7D715BCF7C /* KaTeX_Size1-Regular.woff2 */; };
		FB71682590061E88AAFE7E81 /* KaTeX_SansSerif-Bold.woff2 in Resources */ = {isa = PBXBuildFile; fileRef = 62AA4EC56945EAD7D6C830D9 /* KaTeX_SansSerif-Bold.woff2 */; };
		FDDEBCFF5735D22B3FF88AE3 /* URLSecurityScope.swift in Sources */ = {isa = PBXBuildFile; fileRef = A753A5B1D93A6B7B97D85BA7 /* URLSecurityScope.swift */; };
/* End PBXBuildFile section */

/* Begin PBXContainerItemProxy section */
		8027A259F67C9A7544BAAE63 /* PBXContainerItemProxy */ = {
			isa = PBXContainerItemProxy;
			containerPortal = B9D94D87D936D281F72E5315 /* Project object */;
			proxyType = 1;
			remoteGlobalIDString = FA60A0455C95A3947F3611A4;
			remoteInfo = GlassMark;
		};
/* End PBXContainerItemProxy section */

/* Begin PBXFileReference section */
		030E038927A2D51936A53B39 /* GlassMark.app */ = {isa = PBXFileReference; explicitFileType = wrapper.application; includeInIndex = 0; path = GlassMark.app; sourceTree = BUILT_PRODUCTS_DIR; };
		0B044069DB06B14F36CA3A5A /* auto-render.min.js */ = {isa = PBXFileReference; lastKnownFileType = sourcecode.javascript; path = "auto-render.min.js"; sourceTree = "<group>"; };
		0DABB6134CC3307F7C1E73BD /* github-dark.min.css */ = {isa = PBXFileReference; lastKnownFileType = text.css; path = "github-dark.min.css"; sourceTree = "<group>"; };
		0E1896982C23ACDB5BF92C19 /* WorkspaceFileTests.swift */ = {isa = PBXFileReference; lastKnownFileType = sourcecode.swift; path = WorkspaceFileTests.swift; sourceTree = "<group>"; };
		168D37C158AEF1BAB47717E7 /* Workspace.swift */ = {isa = PBXFileReference; lastKnownFileType = sourcecode.swift; path = Workspace.swift; sourceTree = "<group>"; };
		1BD77B63C994944A5498BB73 /* KaTeX_SansSerif-Regular.woff2 */ = {isa = PBXFileReference; path = "KaTeX_SansSerif-Regular.woff2"; sourceTree = "<group>"; };
		1CE4482A3BADFD358A16D770 /* KaTeX_Main-Regular.woff2 */ = {isa = PBXFileReference; path = "KaTeX_Main-Regular.woff2"; sourceTree = "<group>"; };
		1D734E777366DE8122FF1106 /* KaTeX_SansSerif-Italic.woff2 */ = {isa = PBXFileReference; path = "KaTeX_SansSerif-Italic.woff2"; sourceTree = "<group>"; };
		211FC6B99395179C482156D2 /* KaTeX_Main-Bold.woff2 */ = {isa = PBXFileReference; path = "KaTeX_Main-Bold.woff2"; sourceTree = "<group>"; };
		2C49FDAC6992E35BE5E8B6A0 /* DocumentStoreTests.swift */ = {isa = PBXFileReference; lastKnownFileType = sourcecode.swift; path = DocumentStoreTests.swift; sourceTree = "<group>"; };
		2D846820631A2B75FDCAE6C2 /* FilePersistenceService.swift */ = {isa = PBXFileReference; lastKnownFileType = sourcecode.swift; path = FilePersistenceService.swift; sourceTree = "<group>"; };
		2F097E8B22552F26FEAA539F /* KaTeX_Math-Italic.woff2 */ = {isa = PBXFileReference; path = "KaTeX_Math-Italic.woff2"; sourceTree = "<group>"; };
		324A674D7C4F63CD5677015D /* MarkdownExporter.swift */ = {isa = PBXFileReference; lastKnownFileType = sourcecode.swift; path = MarkdownExporter.swift; sourceTree = "<group>"; };
		382187CF624ADE7D715BCF7C /* KaTeX_Size1-Regular.woff2 */ = {isa = PBXFileReference; path = "KaTeX_Size1-Regular.woff2"; sourceTree = "<group>"; };
		3A411A4CABEA7C2613AE360C /* KaTeX_Fraktur-Bold.woff2 */ = {isa = PBXFileReference; path = "KaTeX_Fraktur-Bold.woff2"; sourceTree = "<group>"; };
		3C606541A2DB3F99A443AF89 /* KaTeX_Size4-Regular.woff2 */ = {isa = PBXFileReference; path = "KaTeX_Size4-Regular.woff2"; sourceTree = "<group>"; };
		3D42AA4658591B4EBCE35A80 /* KaTeX_Main-Italic.woff2 */ = {isa = PBXFileReference; path = "KaTeX_Main-Italic.woff2"; sourceTree = "<group>"; };
		41F94C8A2E6D2F16F31B308C /* FilePersistenceServiceTests.swift */ = {isa = PBXFileReference; lastKnownFileType = sourcecode.swift; path = FilePersistenceServiceTests.swift; sourceTree = "<group>"; };
		4F225EFDC1119771C780D4CB /* WorkspaceSwitcherView.swift */ = {isa = PBXFileReference; lastKnownFileType = sourcecode.swift; path = WorkspaceSwitcherView.swift; sourceTree = "<group>"; };
		5075C486E588D899B4EBCDB5 /* PreviewView.swift */ = {isa = PBXFileReference; lastKnownFileType = sourcecode.swift; path = PreviewView.swift; sourceTree = "<group>"; };
		513BB2C2365691A8818DEBCC /* GlassMark.entitlements */ = {isa = PBXFileReference; lastKnownFileType = text.plist.entitlements; path = GlassMark.entitlements; sourceTree = "<group>"; };
		5530453C4C88258760ADB5A9 /* mermaid.min.js */ = {isa = PBXFileReference; lastKnownFileType = sourcecode.javascript; path = mermaid.min.js; sourceTree = "<group>"; };
		55AB95D7E289ADD620F995DD /* glassmark-iconset.icon */ = {isa = PBXFileReference; lastKnownFileType = wrapper.icon; path = "glassmark-iconset.icon"; sourceTree = "<group>"; };
		579A963ABA6FC838ED69E19E /* KaTeX_Math-BoldItalic.woff2 */ = {isa = PBXFileReference; path = "KaTeX_Math-BoldItalic.woff2"; sourceTree = "<group>"; };
		5B7CB20F34B385B7863B111E /* MarkdownSyntaxHighlighterTests.swift */ = {isa = PBXFileReference; lastKnownFileType = sourcecode.swift; path = MarkdownSyntaxHighlighterTests.swift; sourceTree = "<group>"; };
		5FE830B916B2ADC183CC6CAF /* GlassMarkApp.swift */ = {isa = PBXFileReference; lastKnownFileType = sourcecode.swift; path = GlassMarkApp.swift; sourceTree = "<group>"; };
		62AA4EC56945EAD7D6C830D9 /* KaTeX_SansSerif-Bold.woff2 */ = {isa = PBXFileReference; path = "KaTeX_SansSerif-Bold.woff2"; sourceTree = "<group>"; };
		64A0CCD3610A29544C5812FF /* KaTeX_Typewriter-Regular.woff2 */ = {isa = PBXFileReference; path = "KaTeX_Typewriter-Regular.woff2"; sourceTree = "<group>"; };
		6713C149EAC4FC94049ECE2B /* EditorDocument.swift */ = {isa = PBXFileReference; lastKnownFileType = sourcecode.swift; path = EditorDocument.swift; sourceTree = "<group>"; };
		67858FF63E50102B7451AD6F /* SidebarView.swift */ = {isa = PBXFileReference; lastKnownFileType = sourcecode.swift; path = SidebarView.swift; sourceTree = "<group>"; };
		68EFFC1FF157A3EC29D54DBA /* MarkdownHTMLRenderer.swift */ = {isa = PBXFileReference; lastKnownFileType = sourcecode.swift; path = MarkdownHTMLRenderer.swift; sourceTree = "<group>"; };
		6C5D2190526E09547BF861F8 /* KaTeX_Script-Regular.woff2 */ = {isa = PBXFileReference; path = "KaTeX_Script-Regular.woff2"; sourceTree = "<group>"; };
		6F0BE16E30CA2F68C0EC9417 /* AssetSchemeHandler.swift */ = {isa = PBXFileReference; lastKnownFileType = sourcecode.swift; path = AssetSchemeHandler.swift; sourceTree = "<group>"; };
		71B537C2617DACC85FE470C8 /* MarkdownRenderService.swift */ = {isa = PBXFileReference; lastKnownFileType = sourcecode.swift; path = MarkdownRenderService.swift; sourceTree = "<group>"; };
		7635915AB026B2E0E2A3F797 /* CommandStore.swift */ = {isa = PBXFileReference; lastKnownFileType = sourcecode.swift; path = CommandStore.swift; sourceTree = "<group>"; };
		77636B48962671B62635F4D5 /* OutlineView.swift */ = {isa = PBXFileReference; lastKnownFileType = sourcecode.swift; path = OutlineView.swift; sourceTree = "<group>"; };
		79A5FEB48D2E9855A34285EC /* DocumentStore.swift */ = {isa = PBXFileReference; lastKnownFileType = sourcecode.swift; path = DocumentStore.swift; sourceTree = "<group>"; };
		7A86197A365BE748D35D6DBE /* KaTeX_Size3-Regular.woff2 */ = {isa = PBXFileReference; path = "KaTeX_Size3-Regular.woff2"; sourceTree = "<group>"; };
		7CC3A5E2B3BDF79845D922DE /* KaTeX_Main-BoldItalic.woff2 */ = {isa = PBXFileReference; path = "KaTeX_Main-BoldItalic.woff2"; sourceTree = "<group>"; };
		7CFE4036DF3562FA4A43F7FE /* FileTreeService.swift */ = {isa = PBXFileReference; lastKnownFileType = sourcecode.swift; path = FileTreeService.swift; sourceTree = "<group>"; };
		7DDF44B3984FC97F4467461D /* KaTeX_AMS-Regular.woff2 */ = {isa = PBXFileReference; path = "KaTeX_AMS-Regular.woff2"; sourceTree = "<group>"; };
		7E79794F48E678F04630311A /* Assets.xcassets */ = {isa = PBXFileReference; lastKnownFileType = folder.assetcatalog; path = Assets.xcassets; sourceTree = "<group>"; };
		82086CBFE4A088FF40D0538F /* GlassMarkTests.xctest */ = {isa = PBXFileReference; explicitFileType = wrapper.cfbundle; includeInIndex = 0; path = GlassMarkTests.xctest; sourceTree = BUILT_PRODUCTS_DIR; };
		84A199256CB800109FD98495 /* highlight.min.js */ = {isa = PBXFileReference; lastKnownFileType = sourcecode.javascript; path = highlight.min.js; sourceTree = "<group>"; };
		84DDFAD0FBF3A416CA3E96A2 /* ContentView.swift */ = {isa = PBXFileReference; lastKnownFileType = sourcecode.swift; path = ContentView.swift; sourceTree = "<group>"; };
		8575372736C6284C6DCD26C3 /* DocumentStatistics.swift */ = {isa = PBXFileReference; lastKnownFileType = sourcecode.swift; path = DocumentStatistics.swift; sourceTree = "<group>"; };
		8C4237CCF9896FAF189B6474 /* WorkspaceStore.swift */ = {isa = PBXFileReference; lastKnownFileType = sourcecode.swift; path = WorkspaceStore.swift; sourceTree = "<group>"; };
		8DDADA252A158236AF53157B /* MarkdownHTMLRendererTests.swift */ = {isa = PBXFileReference; lastKnownFileType = sourcecode.swift; path = MarkdownHTMLRendererTests.swift; sourceTree = "<group>"; };
		8FC111A83FD65DE15B9F82C3 /* FileTreeView.swift */ = {isa = PBXFileReference; lastKnownFileType = sourcecode.swift; path = FileTreeView.swift; sourceTree = "<group>"; };
		92BF41D55CECD0F217B1A6A0 /* MarkdownOutline.swift */ = {isa = PBXFileReference; lastKnownFileType = sourcecode.swift; path = MarkdownOutline.swift; sourceTree = "<group>"; };
		92EBB48BE7A5E9D765A3FA91 /* github.min.css */ = {isa = PBXFileReference; lastKnownFileType = text.css; path = github.min.css; sourceTree = "<group>"; };
		989E01843356B195100F761A /* PreferencesStore.swift */ = {isa = PBXFileReference; lastKnownFileType = sourcecode.swift; path = PreferencesStore.swift; sourceTree = "<group>"; };
		9B8F262C21D56C0C04915275 /* katex.min.js */ = {isa = PBXFileReference; lastKnownFileType = sourcecode.javascript; path = katex.min.js; sourceTree = "<group>"; };
		9FAE300328D09590456151F8 /* MarkdownSyntaxHighlighter.swift */ = {isa = PBXFileReference; lastKnownFileType = sourcecode.swift; path = MarkdownSyntaxHighlighter.swift; sourceTree = "<group>"; };
		A469BE91592CA0F31B051A1F /* katex.min.css */ = {isa = PBXFileReference; lastKnownFileType = text.css; path = katex.min.css; sourceTree = "<group>"; };
		A4B688961A8CD4F4BEFE2963 /* WorkspaceFile.swift */ = {isa = PBXFileReference; lastKnownFileType = sourcecode.swift; path = WorkspaceFile.swift; sourceTree = "<group>"; };
		A753A5B1D93A6B7B97D85BA7 /* URLSecurityScope.swift */ = {isa = PBXFileReference; lastKnownFileType = sourcecode.swift; path = URLSecurityScope.swift; sourceTree = "<group>"; };
		A85BF28F5A4D07905596E0A3 /* FileTreeServiceTests.swift */ = {isa = PBXFileReference; lastKnownFileType = sourcecode.swift; path = FileTreeServiceTests.swift; sourceTree = "<group>"; };
		BC59FF90F0359F50C324880D /* SettingsView.swift */ = {isa = PBXFileReference; lastKnownFileType = sourcecode.swift; path = SettingsView.swift; sourceTree = "<group>"; };
		C472D5B2B72966E6A0343D8B /* EditorView.swift */ = {isa = PBXFileReference; lastKnownFileType = sourcecode.swift; path = EditorView.swift; sourceTree = "<group>"; };
		C5E31AB52A7EB98275D36E7F /* MarkdownRenderServiceTests.swift */ = {isa = PBXFileReference; lastKnownFileType = sourcecode.swift; path = MarkdownRenderServiceTests.swift; sourceTree = "<group>"; };
		C94F296B2EBB0E03FF243215 /* Info.plist */ = {isa = PBXFileReference; lastKnownFileType = text.plist; path = Info.plist; sourceTree = "<group>"; };
		CA8DF8B79514D2C48E56D21F /* QuickOpenView.swift */ = {isa = PBXFileReference; lastKnownFileType = sourcecode.swift; path = QuickOpenView.swift; sourceTree = "<group>"; };
		D726E40D0DA5539BC4A02D1B /* KaTeX_Caligraphic-Bold.woff2 */ = {isa = PBXFileReference; path = "KaTeX_Caligraphic-Bold.woff2"; sourceTree = "<group>"; };
		DC576610FA924DC5EF4D8A11 /* FileType.swift */ = {isa = PBXFileReference; lastKnownFileType = sourcecode.swift; path = FileType.swift; sourceTree = "<group>"; };
		DD23393D87FE27250F8C6E59 /* MarkdownOutlineTests.swift */ = {isa = PBXFileReference; lastKnownFileType = sourcecode.swift; path = MarkdownOutlineTests.swift; sourceTree = "<group>"; };
		E1D2B70D816C835FB78C42F5 /* AppCommands.swift */ = {isa = PBXFileReference; lastKnownFileType = sourcecode.swift; path = AppCommands.swift; sourceTree = "<group>"; };
		E753BDC430A2ED9D34236A37 /* EditorCommand.swift */ = {isa = PBXFileReference; lastKnownFileType = sourcecode.swift; path = EditorCommand.swift; sourceTree = "<group>"; };
		EA1C79616F0CF1077F9C1DF0 /* KaTeX_Fraktur-Regular.woff2 */ = {isa = PBXFileReference; path = "KaTeX_Fraktur-Regular.woff2"; sourceTree = "<group>"; };
		EC7E9042F609796AC6E41E26 /* KaTeX_Caligraphic-Regular.woff2 */ = {isa = PBXFileReference; path = "KaTeX_Caligraphic-Regular.woff2"; sourceTree = "<group>"; };
		EDB13AE8F7B0513AD206EA4F /* KaTeX_Size2-Regular.woff2 */ = {isa = PBXFileReference; path = "KaTeX_Size2-Regular.woff2"; sourceTree = "<group>"; };
		EDB7AADBF5223AE29CD871EF /* DocumentStatisticsTests.swift */ = {isa = PBXFileReference; lastKnownFileType = sourcecode.swift; path = DocumentStatisticsTests.swift; sourceTree = "<group>"; };
		EDC334FA85F00DB54104049E /* ViewMode.swift */ = {isa = PBXFileReference; lastKnownFileType = sourcecode.swift; path = ViewMode.swift; sourceTree = "<group>"; };
/* End PBXFileReference section */

/* Begin PBXGroup section */
		13863B5046AFA60FBB9F0EEB /* katex */ = {
			isa = PBXGroup;
			children = (
				0B044069DB06B14F36CA3A5A /* auto-render.min.js */,
				A469BE91592CA0F31B051A1F /* katex.min.css */,
				9B8F262C21D56C0C04915275 /* katex.min.js */,
				A0C3DBF43827312733D0ECB3 /* fonts */,
			);
			path = katex;
			sourceTree = "<group>";
		};
		193E1F9FED5FBC8DE223E132 /* highlight */ = {
			isa = PBXGroup;
			children = (
				0DABB6134CC3307F7C1E73BD /* github-dark.min.css */,
				92EBB48BE7A5E9D765A3FA91 /* github.min.css */,
				84A199256CB800109FD98495 /* highlight.min.js */,
			);
			path = highlight;
			sourceTree = "<group>";
		};
		20BD5E36F8C0FB7D19BF82F0 /* Views */ = {
			isa = PBXGroup;
			children = (
				84DDFAD0FBF3A416CA3E96A2 /* ContentView.swift */,
				C472D5B2B72966E6A0343D8B /* EditorView.swift */,
				8FC111A83FD65DE15B9F82C3 /* FileTreeView.swift */,
				77636B48962671B62635F4D5 /* OutlineView.swift */,
				5075C486E588D899B4EBCDB5 /* PreviewView.swift */,
				CA8DF8B79514D2C48E56D21F /* QuickOpenView.swift */,
				BC59FF90F0359F50C324880D /* SettingsView.swift */,
				67858FF63E50102B7451AD6F /* SidebarView.swift */,
				4F225EFDC1119771C780D4CB /* WorkspaceSwitcherView.swift */,
			);
			path = Views;
			sourceTree = "<group>";
		};
		2B64C2D7AA5B183315AD7AA9 /* mermaid */ = {
			isa = PBXGroup;
			children = (
				5530453C4C88258760ADB5A9 /* mermaid.min.js */,
			);
			path = mermaid;
			sourceTree = "<group>";
		};
		34AF9486E85E561B4B1F5859 /* Resources */ = {
			isa = PBXGroup;
			children = (
				7E79794F48E678F04630311A /* Assets.xcassets */,
				C94F296B2EBB0E03FF243215 /* Info.plist */,
				D6F9F75E0845F3C0EEE9D835 /* Web */,
			);
			path = Resources;
			sourceTree = "<group>";
		};
		4C467B63E7CEA39D612FAEB5 /* Stores */ = {
			isa = PBXGroup;
			children = (
				7635915AB026B2E0E2A3F797 /* CommandStore.swift */,
				79A5FEB48D2E9855A34285EC /* DocumentStore.swift */,
				989E01843356B195100F761A /* PreferencesStore.swift */,
				8C4237CCF9896FAF189B6474 /* WorkspaceStore.swift */,
			);
			path = Stores;
			sourceTree = "<group>";
		};
		6F2A1448B77A174097FF96C5 /* Models */ = {
			isa = PBXGroup;
			children = (
				6713C149EAC4FC94049ECE2B /* EditorDocument.swift */,
				EDC334FA85F00DB54104049E /* ViewMode.swift */,
				168D37C158AEF1BAB47717E7 /* Workspace.swift */,
				A4B688961A8CD4F4BEFE2963 /* WorkspaceFile.swift */,
			);
			path = Models;
			sourceTree = "<group>";
		};
		91BAFC07643F78FCBA5B9826 /* Products */ = {
			isa = PBXGroup;
			children = (
				030E038927A2D51936A53B39 /* GlassMark.app */,
				82086CBFE4A088FF40D0538F /* GlassMarkTests.xctest */,
			);
			name = Products;
			sourceTree = "<group>";
		};
		936F9246C3A179AE0C19B2BD = {
			isa = PBXGroup;
			children = (
				B01B816AFE14A87AF726CF2D /* GlassMark */,
				F3851FB1959EFD7553FF2410 /* GlassMarkTests */,
				91BAFC07643F78FCBA5B9826 /* Products */,
			);
			sourceTree = "<group>";
		};
		9DC5BBC10944ADC01385F3E0 /* Support */ = {
			isa = PBXGroup;
			children = (
				8575372736C6284C6DCD26C3 /* DocumentStatistics.swift */,
				E753BDC430A2ED9D34236A37 /* EditorCommand.swift */,
				DC576610FA924DC5EF4D8A11 /* FileType.swift */,
				92BF41D55CECD0F217B1A6A0 /* MarkdownOutline.swift */,
				9FAE300328D09590456151F8 /* MarkdownSyntaxHighlighter.swift */,
				A753A5B1D93A6B7B97D85BA7 /* URLSecurityScope.swift */,
			);
			path = Support;
			sourceTree = "<group>";
		};
		A0C3DBF43827312733D0ECB3 /* fonts */ = {
			isa = PBXGroup;
			children = (
				7DDF44B3984FC97F4467461D /* KaTeX_AMS-Regular.woff2 */,
				D726E40D0DA5539BC4A02D1B /* KaTeX_Caligraphic-Bold.woff2 */,
				EC7E9042F609796AC6E41E26 /* KaTeX_Caligraphic-Regular.woff2 */,
				3A411A4CABEA7C2613AE360C /* KaTeX_Fraktur-Bold.woff2 */,
				EA1C79616F0CF1077F9C1DF0 /* KaTeX_Fraktur-Regular.woff2 */,
				211FC6B99395179C482156D2 /* KaTeX_Main-Bold.woff2 */,
				7CC3A5E2B3BDF79845D922DE /* KaTeX_Main-BoldItalic.woff2 */,
				3D42AA4658591B4EBCE35A80 /* KaTeX_Main-Italic.woff2 */,
				1CE4482A3BADFD358A16D770 /* KaTeX_Main-Regular.woff2 */,
				579A963ABA6FC838ED69E19E /* KaTeX_Math-BoldItalic.woff2 */,
				2F097E8B22552F26FEAA539F /* KaTeX_Math-Italic.woff2 */,
				62AA4EC56945EAD7D6C830D9 /* KaTeX_SansSerif-Bold.woff2 */,
				1D734E777366DE8122FF1106 /* KaTeX_SansSerif-Italic.woff2 */,
				1BD77B63C994944A5498BB73 /* KaTeX_SansSerif-Regular.woff2 */,
				6C5D2190526E09547BF861F8 /* KaTeX_Script-Regular.woff2 */,
				382187CF624ADE7D715BCF7C /* KaTeX_Size1-Regular.woff2 */,
				EDB13AE8F7B0513AD206EA4F /* KaTeX_Size2-Regular.woff2 */,
				7A86197A365BE748D35D6DBE /* KaTeX_Size3-Regular.woff2 */,
				3C606541A2DB3F99A443AF89 /* KaTeX_Size4-Regular.woff2 */,
				64A0CCD3610A29544C5812FF /* KaTeX_Typewriter-Regular.woff2 */,
			);
			path = fonts;
			sourceTree = "<group>";
		};
		A235270F9EC7D1BE4C4288DE /* Services */ = {
			isa = PBXGroup;
			children = (
				6F0BE16E30CA2F68C0EC9417 /* AssetSchemeHandler.swift */,
				2D846820631A2B75FDCAE6C2 /* FilePersistenceService.swift */,
				7CFE4036DF3562FA4A43F7FE /* FileTreeService.swift */,
				324A674D7C4F63CD5677015D /* MarkdownExporter.swift */,
				68EFFC1FF157A3EC29D54DBA /* MarkdownHTMLRenderer.swift */,
				71B537C2617DACC85FE470C8 /* MarkdownRenderService.swift */,
			);
			path = Services;
			sourceTree = "<group>";
		};
		A3AF83CBDBD6BDC9624B662F /* App */ = {
			isa = PBXGroup;
			children = (
				E1D2B70D816C835FB78C42F5 /* AppCommands.swift */,
				5FE830B916B2ADC183CC6CAF /* GlassMarkApp.swift */,
			);
			path = App;
			sourceTree = "<group>";
		};
		B01B816AFE14A87AF726CF2D /* GlassMark */ = {
			isa = PBXGroup;
			children = (
				55AB95D7E289ADD620F995DD /* glassmark-iconset.icon */,
				513BB2C2365691A8818DEBCC /* GlassMark.entitlements */,
				A3AF83CBDBD6BDC9624B662F /* App */,
				6F2A1448B77A174097FF96C5 /* Models */,
				34AF9486E85E561B4B1F5859 /* Resources */,
				A235270F9EC7D1BE4C4288DE /* Services */,
				4C467B63E7CEA39D612FAEB5 /* Stores */,
				9DC5BBC10944ADC01385F3E0 /* Support */,
				20BD5E36F8C0FB7D19BF82F0 /* Views */,
			);
			path = GlassMark;
			sourceTree = "<group>";
		};
		D6F9F75E0845F3C0EEE9D835 /* Web */ = {
			isa = PBXGroup;
			children = (
				193E1F9FED5FBC8DE223E132 /* highlight */,
				13863B5046AFA60FBB9F0EEB /* katex */,
				2B64C2D7AA5B183315AD7AA9 /* mermaid */,
			);
			path = Web;
			sourceTree = "<group>";
		};
		F3851FB1959EFD7553FF2410 /* GlassMarkTests */ = {
			isa = PBXGroup;
			children = (
				EDB7AADBF5223AE29CD871EF /* DocumentStatisticsTests.swift */,
				2C49FDAC6992E35BE5E8B6A0 /* DocumentStoreTests.swift */,
				41F94C8A2E6D2F16F31B308C /* FilePersistenceServiceTests.swift */,
				A85BF28F5A4D07905596E0A3 /* FileTreeServiceTests.swift */,
				8DDADA252A158236AF53157B /* MarkdownHTMLRendererTests.swift */,
				DD23393D87FE27250F8C6E59 /* MarkdownOutlineTests.swift */,
				C5E31AB52A7EB98275D36E7F /* MarkdownRenderServiceTests.swift */,
				5B7CB20F34B385B7863B111E /* MarkdownSyntaxHighlighterTests.swift */,
				0E1896982C23ACDB5BF92C19 /* WorkspaceFileTests.swift */,
			);
			path = GlassMarkTests;
			sourceTree = "<group>";
		};
/* End PBXGroup section */

/* Begin PBXNativeTarget section */
		9DB28DA2DC00245AC16CFF0C /* GlassMarkTests */ = {
			isa = PBXNativeTarget;
			buildConfigurationList = 9B4CB90FE9FC9314D8E0FDC2 /* Build configuration list for PBXNativeTarget "GlassMarkTests" */;
			buildPhases = (
				13CC2A0659412B0063929729 /* Sources */,
			);
			buildRules = (
			);
			dependencies = (
				8B892AC1BDB9F4A609C44655 /* PBXTargetDependency */,
			);
			name = GlassMarkTests;
			packageProductDependencies = (
			);
			productName = GlassMarkTests;
			productReference = 82086CBFE4A088FF40D0538F /* GlassMarkTests.xctest */;
			productType = "com.apple.product-type.bundle.unit-test";
		};
		FA60A0455C95A3947F3611A4 /* GlassMark */ = {
			isa = PBXNativeTarget;
			buildConfigurationList = E5B9A7547378C27EEA59D63E /* Build configuration list for PBXNativeTarget "GlassMark" */;
			buildPhases = (
				6C6416CD4A053889292587C7 /* Sources */,
				C4D4688AED5B1835A3BFAB4E /* Resources */,
			);
			buildRules = (
			);
			dependencies = (
			);
			name = GlassMark;
			packageProductDependencies = (
			);
			productName = GlassMark;
			productReference = 030E038927A2D51936A53B39 /* GlassMark.app */;
			productType = "com.apple.product-type.application";
		};
/* End PBXNativeTarget section */

/* Begin PBXProject section */
		B9D94D87D936D281F72E5315 /* Project object */ = {
			isa = PBXProject;
			attributes = {
				BuildIndependentTargetsInParallel = YES;
				LastUpgradeCheck = 2600;
				TargetAttributes = {
					FA60A0455C95A3947F3611A4 = {
						ProvisioningStyle = Automatic;
					};
				};
			};
			buildConfigurationList = 8795912FC3BF13ED4FDEB1C2 /* Build configuration list for PBXProject "GlassMark" */;
			developmentRegion = en;
			hasScannedForEncodings = 0;
			knownRegions = (
				Base,
				en,
			);
			mainGroup = 936F9246C3A179AE0C19B2BD;
			minimizedProjectReferenceProxies = 1;
			preferredProjectObjectVersion = 77;
			productRefGroup = 91BAFC07643F78FCBA5B9826 /* Products */;
			projectDirPath = "";
			projectRoot = "";
			targets = (
				FA60A0455C95A3947F3611A4 /* GlassMark */,
				9DB28DA2DC00245AC16CFF0C /* GlassMarkTests */,
			);
		};
/* End PBXProject section */

/* Begin PBXResourcesBuildPhase section */
		C4D4688AED5B1835A3BFAB4E /* Resources */ = {
			isa = PBXResourcesBuildPhase;
			buildActionMask = 2147483647;
			files = (
				5A16851BFEE00470439D30E7 /* Assets.xcassets in Resources */,
				71EB35374A934AB3B90B5E33 /* KaTeX_AMS-Regular.woff2 in Resources */,
				9B58EAD24B04AFC8D64E23D9 /* KaTeX_Caligraphic-Bold.woff2 in Resources */,
				C088AA5235B41BCBD92F3B23 /* KaTeX_Caligraphic-Regular.woff2 in Resources */,
				114CDC0C9DB3C8146CEEBFF4 /* KaTeX_Fraktur-Bold.woff2 in Resources */,
				D6CF63F7DBD3CBB3F4DF670A /* KaTeX_Fraktur-Regular.woff2 in Resources */,
				AF4C7D13AA6AD8BB53AABCD2 /* KaTeX_Main-Bold.woff2 in Resources */,
				B458180FA9207271DAE366EB /* KaTeX_Main-BoldItalic.woff2 in Resources */,
				CC1ABAC4AAC3495CB0213321 /* KaTeX_Main-Italic.woff2 in Resources */,
				741488FD0DDE48547C51FD40 /* KaTeX_Main-Regular.woff2 in Resources */,
				8386E2F8AB10A86471BC9E0C /* KaTeX_Math-BoldItalic.woff2 in Resources */,
				BC8324EFA511DEEA53F9263B /* KaTeX_Math-Italic.woff2 in Resources */,
				FB71682590061E88AAFE7E81 /* KaTeX_SansSerif-Bold.woff2 in Resources */,
				3209BEE25DAF9352B290D433 /* KaTeX_SansSerif-Italic.woff2 in Resources */,
				E0D81E85CB34F28C1A7CB9E9 /* KaTeX_SansSerif-Regular.woff2 in Resources */,
				7CDA455E9BA70D1E4E2883B9 /* KaTeX_Script-Regular.woff2 in Resources */,
				EB8BD27BC84A048EC7747711 /* KaTeX_Size1-Regular.woff2 in Resources */,
				4518C0D41667F7D444DB79E4 /* KaTeX_Size2-Regular.woff2 in Resources */,
				5CC824CFA5B14A7A43F1FB8C /* KaTeX_Size3-Regular.woff2 in Resources */,
				50A244437846B6392B8F488C /* KaTeX_Size4-Regular.woff2 in Resources */,
				704C0917F616B1EE4DA3C06C /* KaTeX_Typewriter-Regular.woff2 in Resources */,
				D1484A0B6350E0E2B888CB6E /* auto-render.min.js in Resources */,
				9124CD1C34000B3E047DE834 /* github-dark.min.css in Resources */,
				95A488B9DBCE77A1CB86C0E6 /* github.min.css in Resources */,
				679D69C745BAA88E331EA805 /* glassmark-iconset.icon in Resources */,
				A26F3BAE8DC4FCEC7C0A05FE /* highlight.min.js in Resources */,
				406FB1C54A686ECFD5C46DDF /* katex.min.css in Resources */,
				50C939EBF9DF861FEBBB2BC6 /* katex.min.js in Resources */,
				9961EBFBDD48884C89924F30 /* mermaid.min.js in Resources */,
			);
			runOnlyForDeploymentPostprocessing = 0;
		};
/* End PBXResourcesBuildPhase section */

/* Begin PBXSourcesBuildPhase section */
		13CC2A0659412B0063929729 /* Sources */ = {
			isa = PBXSourcesBuildPhase;
			buildActionMask = 2147483647;
			files = (
				5EC581F205A9CC73E8B5CE1A /* DocumentStatisticsTests.swift in Sources */,
				71766D2E4C8B2CD564A99D96 /* DocumentStoreTests.swift in Sources */,
				A42CE14D78167C26ADAB5A66 /* FilePersistenceServiceTests.swift in Sources */,
				1C9BABA05F8F7D8F004EDDF8 /* FileTreeServiceTests.swift in Sources */,
				37655FE0FF572EF6057C050A /* MarkdownHTMLRendererTests.swift in Sources */,
				834B67626485EB6516619384 /* MarkdownOutlineTests.swift in Sources */,
				8428C790AE356C8462224110 /* MarkdownRenderServiceTests.swift in Sources */,
				65ECB6D61B19BFE12843D0C1 /* MarkdownSyntaxHighlighterTests.swift in Sources */,
				EA47402FFADBB596C5CE8954 /* WorkspaceFileTests.swift in Sources */,
			);
			runOnlyForDeploymentPostprocessing = 0;
		};
		6C6416CD4A053889292587C7 /* Sources */ = {
			isa = PBXSourcesBuildPhase;
			buildActionMask = 2147483647;
			files = (
				040BC1181A838A65E74C7330 /* AppCommands.swift in Sources */,
				2D6AA3E1FD6E8574E593291B /* AssetSchemeHandler.swift in Sources */,
				17D5C4F1BDE2928A573202B2 /* CommandStore.swift in Sources */,
				6A57B4F1E1819AE891D6B768 /* ContentView.swift in Sources */,
				4DD42746E257CEC1064D5872 /* DocumentStatistics.swift in Sources */,
				7AF84FD07DB0E58BBD2E6624 /* DocumentStore.swift in Sources */,
				7C70B556690BDFB565462F55 /* EditorCommand.swift in Sources */,
				D4D5BD9AA8BA54C810AF3CCA /* EditorDocument.swift in Sources */,
				0AA61F12EC333594B9E5F3E3 /* EditorView.swift in Sources */,
				11DD270A1C412786716E98A5 /* FilePersistenceService.swift in Sources */,
				AFD2A34B310BF374E978A474 /* FileTreeService.swift in Sources */,
				E1D6D21A7998AA55C2C6631E /* FileTreeView.swift in Sources */,
				A2289AAADB6038B1EEF0A203 /* FileType.swift in Sources */,
				D39E41506A50F08FC570BEBF /* GlassMarkApp.swift in Sources */,
				380C3703E5BD652D75BFB1C0 /* MarkdownExporter.swift in Sources */,
				27068F4051A4BD31F8920C3A /* MarkdownHTMLRenderer.swift in Sources */,
				D5886135E36EA6B74DA28E2F /* MarkdownOutline.swift in Sources */,
				0320CF71182834259CC12678 /* MarkdownRenderService.swift in Sources */,
				50A702C828470CF4E8EA0A36 /* MarkdownSyntaxHighlighter.swift in Sources */,
				31EF6BD50A598A5751E2FC4B /* OutlineView.swift in Sources */,
				B1FB07C32FDEEEBF3D88C051 /* PreferencesStore.swift in Sources */,
				683F879782B5CFACAA904D26 /* PreviewView.swift in Sources */,
				711C137F0AE80CE08CB3290F /* QuickOpenView.swift in Sources */,
				D94B1555B6C3CD0909482807 /* SettingsView.swift in Sources */,
				162B3EF1A2E7F788CE938441 /* SidebarView.swift in Sources */,
				FDDEBCFF5735D22B3FF88AE3 /* URLSecurityScope.swift in Sources */,
				155B4B8E48B624EAAD4717AE /* ViewMode.swift in Sources */,
				4DBEFF66A722406E8C4C7859 /* Workspace.swift in Sources */,
				70CD7AF99840E813719D01C3 /* WorkspaceFile.swift in Sources */,
				5FC146A64A1869CFD0E840D3 /* WorkspaceStore.swift in Sources */,
				463A9E4853783D2D6991DF6E /* WorkspaceSwitcherView.swift in Sources */,
			);
			runOnlyForDeploymentPostprocessing = 0;
		};
/* End PBXSourcesBuildPhase section */

/* Begin PBXTargetDependency section */
		8B892AC1BDB9F4A609C44655 /* PBXTargetDependency */ = {
			isa = PBXTargetDependency;
			target = FA60A0455C95A3947F3611A4 /* GlassMark */;
			targetProxy = 8027A259F67C9A7544BAAE63 /* PBXContainerItemProxy */;
		};
/* End PBXTargetDependency section */

/* Begin XCBuildConfiguration section */
		31D8A1D201FD10B9158BB382 /* Debug */ = {
			isa = XCBuildConfiguration;
			buildSettings = {
				BUNDLE_LOADER = "$(TEST_HOST)";
				COMBINE_HIDPI_IMAGES = YES;
				GENERATE_INFOPLIST_FILE = YES;
				LD_RUNPATH_SEARCH_PATHS = (
					"$(inherited)",
					"@executable_path/../Frameworks",
					"@loader_path/../Frameworks",
				);
				PRODUCT_BUNDLE_IDENTIFIER = com.recurse.glassmark.tests;
				SDKROOT = macosx;
				TEST_HOST = "$(BUILT_PRODUCTS_DIR)/Glassmark.app/Contents/MacOS/Glassmark";
			};
			name = Debug;
		};
		678C0E13D4E387314329D471 /* Release */ = {
			isa = XCBuildConfiguration;
			buildSettings = {
				BUNDLE_LOADER = "$(TEST_HOST)";
				COMBINE_HIDPI_IMAGES = YES;
				GENERATE_INFOPLIST_FILE = YES;
				LD_RUNPATH_SEARCH_PATHS = (
					"$(inherited)",
					"@executable_path/../Frameworks",
					"@loader_path/../Frameworks",
				);
				PRODUCT_BUNDLE_IDENTIFIER = com.recurse.glassmark.tests;
				SDKROOT = macosx;
				TEST_HOST = "$(BUILT_PRODUCTS_DIR)/Glassmark.app/Contents/MacOS/Glassmark";
			};
			name = Release;
		};
		D68E631C0F0BCF1AB8D56169 /* Debug */ = {
			isa = XCBuildConfiguration;
			buildSettings = {
				ALWAYS_SEARCH_USER_PATHS = NO;
				ASSETCATALOG_COMPILER_GENERATE_SWIFT_ASSET_SYMBOL_EXTENSIONS = YES;
				CLANG_ANALYZER_NONNULL = YES;
				CLANG_ANALYZER_NUMBER_OBJECT_CONVERSION = YES_AGGRESSIVE;
				CLANG_CXX_LANGUAGE_STANDARD = "gnu++14";
				CLANG_CXX_LIBRARY = "libc++";
				CLANG_ENABLE_MODULES = YES;
				CLANG_ENABLE_OBJC_ARC = YES;
				CLANG_ENABLE_OBJC_WEAK = YES;
				CLANG_WARN_BLOCK_CAPTURE_AUTORELEASING = YES;
				CLANG_WARN_BOOL_CONVERSION = YES;
				CLANG_WARN_COMMA = YES;
				CLANG_WARN_CONSTANT_CONVERSION = YES;
				CLANG_WARN_DEPRECATED_OBJC_IMPLEMENTATIONS = YES;
				CLANG_WARN_DIRECT_OBJC_ISA_USAGE = YES_ERROR;
				CLANG_WARN_DOCUMENTATION_COMMENTS = YES;
				CLANG_WARN_EMPTY_BODY = YES;
				CLANG_WARN_ENUM_CONVERSION = YES;
				CLANG_WARN_INFINITE_RECURSION = YES;
				CLANG_WARN_INT_CONVERSION = YES;
				CLANG_WARN_NON_LITERAL_NULL_CONVERSION = YES;
				CLANG_WARN_OBJC_IMPLICIT_RETAIN_SELF = YES;
				CLANG_WARN_OBJC_LITERAL_CONVERSION = YES;
				CLANG_WARN_OBJC_ROOT_CLASS = YES_ERROR;
				CLANG_WARN_QUOTED_INCLUDE_IN_FRAMEWORK_HEADER = YES;
				CLANG_WARN_RANGE_LOOP_ANALYSIS = YES;
				CLANG_WARN_STRICT_PROTOTYPES = YES;
				CLANG_WARN_SUSPICIOUS_MOVE = YES;
				CLANG_WARN_UNGUARDED_AVAILABILITY = YES_AGGRESSIVE;
				CLANG_WARN_UNREACHABLE_CODE = YES;
				CLANG_WARN__DUPLICATE_METHOD_MATCH = YES;
				COPY_PHASE_STRIP = NO;
				DEBUG_INFORMATION_FORMAT = dwarf;
				ENABLE_STRICT_OBJC_MSGSEND = YES;
				ENABLE_TESTABILITY = YES;
				GCC_C_LANGUAGE_STANDARD = gnu11;
				GCC_DYNAMIC_NO_PIC = NO;
				GCC_NO_COMMON_BLOCKS = YES;
				GCC_OPTIMIZATION_LEVEL = 0;
				GCC_PREPROCESSOR_DEFINITIONS = (
					"$(inherited)",
					"DEBUG=1",
				);
				GCC_WARN_64_TO_32_BIT_CONVERSION = YES;
				GCC_WARN_ABOUT_RETURN_TYPE = YES_ERROR;
				GCC_WARN_UNDECLARED_SELECTOR = YES;
				GCC_WARN_UNINITIALIZED_AUTOS = YES_AGGRESSIVE;
				GCC_WARN_UNUSED_FUNCTION = YES;
				GCC_WARN_UNUSED_VARIABLE = YES;
				MACOSX_DEPLOYMENT_TARGET = 15.0;
				MTL_ENABLE_DEBUG_INFO = INCLUDE_SOURCE;
				MTL_FAST_MATH = YES;
				ONLY_ACTIVE_ARCH = YES;
				PRODUCT_NAME = "$(TARGET_NAME)";
				SDKROOT = macosx;
				SWIFT_ACTIVE_COMPILATION_CONDITIONS = DEBUG;
				SWIFT_OPTIMIZATION_LEVEL = "-Onone";
				SWIFT_VERSION = 6.0;
			};
			name = Debug;
		};
		D70EF97C5BD10D637110928C /* Release */ = {
			isa = XCBuildConfiguration;
			buildSettings = {
				ASSETCATALOG_COMPILER_APPICON_NAME = "glassmark-iconset";
				CODE_SIGN_ENTITLEMENTS = GlassMark/GlassMark.entitlements;
				CODE_SIGN_STYLE = Automatic;
				COMBINE_HIDPI_IMAGES = YES;
				ENABLE_HARDENED_RUNTIME = YES;
				INFOPLIST_FILE = GlassMark/Resources/Info.plist;
				INFOPLIST_KEY_CFBundleDisplayName = Glassmark;
				INFOPLIST_KEY_LSApplicationCategoryType = "public.app-category.productivity";
				INFOPLIST_KEY_NSHumanReadableCopyright = "Copyright © 2026 Glassmark. Released under the MIT License.";
				LD_RUNPATH_SEARCH_PATHS = (
					"$(inherited)",
					"@executable_path/../Frameworks",
				);
				PRODUCT_BUNDLE_IDENTIFIER = com.recurse.glassmark;
				PRODUCT_MODULE_NAME = GlassMark;
				PRODUCT_NAME = Glassmark;
				SDKROOT = macosx;
			};
			name = Release;
		};
		DE5395E82D274BCC4D963AA7 /* Release */ = {
			isa = XCBuildConfiguration;
			buildSettings = {
				ALWAYS_SEARCH_USER_PATHS = NO;
				ASSETCATALOG_COMPILER_GENERATE_SWIFT_ASSET_SYMBOL_EXTENSIONS = YES;
				CLANG_ANALYZER_NONNULL = YES;
				CLANG_ANALYZER_NUMBER_OBJECT_CONVERSION = YES_AGGRESSIVE;
				CLANG_CXX_LANGUAGE_STANDARD = "gnu++14";
				CLANG_CXX_LIBRARY = "libc++";
				CLANG_ENABLE_MODULES = YES;
				CLANG_ENABLE_OBJC_ARC = YES;
				CLANG_ENABLE_OBJC_WEAK = YES;
				CLANG_WARN_BLOCK_CAPTURE_AUTORELEASING = YES;
				CLANG_WARN_BOOL_CONVERSION = YES;
				CLANG_WARN_COMMA = YES;
				CLANG_WARN_CONSTANT_CONVERSION = YES;
				CLANG_WARN_DEPRECATED_OBJC_IMPLEMENTATIONS = YES;
				CLANG_WARN_DIRECT_OBJC_ISA_USAGE = YES_ERROR;
				CLANG_WARN_DOCUMENTATION_COMMENTS = YES;
				CLANG_WARN_EMPTY_BODY = YES;
				CLANG_WARN_ENUM_CONVERSION = YES;
				CLANG_WARN_INFINITE_RECURSION = YES;
				CLANG_WARN_INT_CONVERSION = YES;
				CLANG_WARN_NON_LITERAL_NULL_CONVERSION = YES;
				CLANG_WARN_OBJC_IMPLICIT_RETAIN_SELF = YES;
				CLANG_WARN_OBJC_LITERAL_CONVERSION = YES;
				CLANG_WARN_OBJC_ROOT_CLASS = YES_ERROR;
				CLANG_WARN_QUOTED_INCLUDE_IN_FRAMEWORK_HEADER = YES;
				CLANG_WARN_RANGE_LOOP_ANALYSIS = YES;
				CLANG_WARN_STRICT_PROTOTYPES = YES;
				CLANG_WARN_SUSPICIOUS_MOVE = YES;
				CLANG_WARN_UNGUARDED_AVAILABILITY = YES_AGGRESSIVE;
				CLANG_WARN_UNREACHABLE_CODE = YES;
				CLANG_WARN__DUPLICATE_METHOD_MATCH = YES;
				COPY_PHASE_STRIP = NO;
				DEBUG_INFORMATION_FORMAT = "dwarf-with-dsym";
				ENABLE_NS_ASSERTIONS = NO;
				ENABLE_STRICT_OBJC_MSGSEND = YES;
				GCC_C_LANGUAGE_STANDARD = gnu11;
				GCC_NO_COMMON_BLOCKS = YES;
				GCC_WARN_64_TO_32_BIT_CONVERSION = YES;
				GCC_WARN_ABOUT_RETURN_TYPE = YES_ERROR;
				GCC_WARN_UNDECLARED_SELECTOR = YES;
				GCC_WARN_UNINITIALIZED_AUTOS = YES_AGGRESSIVE;
				GCC_WARN_UNUSED_FUNCTION = YES;
				GCC_WARN_UNUSED_VARIABLE = YES;
				MACOSX_DEPLOYMENT_TARGET = 15.0;
				MTL_ENABLE_DEBUG_INFO = NO;
				MTL_FAST_MATH = YES;
				PRODUCT_NAME = "$(TARGET_NAME)";
				SDKROOT = macosx;
				SWIFT_COMPILATION_MODE = wholemodule;
				SWIFT_OPTIMIZATION_LEVEL = "-O";
				SWIFT_VERSION = 6.0;
			};
			name = Release;
		};
		FFE1D2F8B6BCF6824D7485A9 /* Debug */ = {
			isa = XCBuildConfiguration;
			buildSettings = {
				ASSETCATALOG_COMPILER_APPICON_NAME = "glassmark-iconset";
				CODE_SIGN_ENTITLEMENTS = GlassMark/GlassMark.entitlements;
				CODE_SIGN_STYLE = Automatic;
				COMBINE_HIDPI_IMAGES = YES;
				ENABLE_HARDENED_RUNTIME = YES;
				INFOPLIST_FILE = GlassMark/Resources/Info.plist;
				INFOPLIST_KEY_CFBundleDisplayName = Glassmark;
				INFOPLIST_KEY_LSApplicationCategoryType = "public.app-category.productivity";
				INFOPLIST_KEY_NSHumanReadableCopyright = "Copyright © 2026 Glassmark. Released under the MIT License.";
				LD_RUNPATH_SEARCH_PATHS = (
					"$(inherited)",
					"@executable_path/../Frameworks",
				);
				PRODUCT_BUNDLE_IDENTIFIER = com.recurse.glassmark;
				PRODUCT_MODULE_NAME = GlassMark;
				PRODUCT_NAME = Glassmark;
				SDKROOT = macosx;
			};
			name = Debug;
		};
/* End XCBuildConfiguration section */

/* Begin XCConfigurationList section */
		8795912FC3BF13ED4FDEB1C2 /* Build configuration list for PBXProject "GlassMark" */ = {
			isa = XCConfigurationList;
			buildConfigurations = (
				D68E631C0F0BCF1AB8D56169 /* Debug */,
				DE5395E82D274BCC4D963AA7 /* Release */,
			);
			defaultConfigurationIsVisible = 0;
			defaultConfigurationName = Debug;
		};
		9B4CB90FE9FC9314D8E0FDC2 /* Build configuration list for PBXNativeTarget "GlassMarkTests" */ = {
			isa = XCConfigurationList;
			buildConfigurations = (
				31D8A1D201FD10B9158BB382 /* Debug */,
				678C0E13D4E387314329D471 /* Release */,
			);
			defaultConfigurationIsVisible = 0;
			defaultConfigurationName = Debug;
		};
		E5B9A7547378C27EEA59D63E /* Build configuration list for PBXNativeTarget "GlassMark" */ = {
			isa = XCConfigurationList;
			buildConfigurations = (
				FFE1D2F8B6BCF6824D7485A9 /* Debug */,
				D70EF97C5BD10D637110928C /* Release */,
			);
			defaultConfigurationIsVisible = 0;
			defaultConfigurationName = Debug;
		};
/* End XCConfigurationList section */
	};
	rootObject = B9D94D87D936D281F72E5315 /* Project object */;
}
